PODS:
  - OCFrame/OCFComponents/JSBridge (1.1.3)

DEPENDENCIES:
  - OCFrame/OCFComponents/JSBridge (from `../`)

EXTERNAL SOURCES:
  OCFrame:
    :path: "../"

SPEC CHECKSUMS:
  OCFrame: 78ce3a2d3210083f601e646d02bfe417d9a13c6a

PODFILE CHECKSUM: 9c037c41ff0132c21cb4c5363863bd686b328751

COCOAPODS: 1.11.2
